
Microsoft Visual Studio Solution File, Format Version 12.00
# Visual Studio Version 17
VisualStudioVersion = 17.0.31808.319
MinimumVisualStudioVersion = 10.0.40219.1
Project("{FAE04EC0-301F-11D3-BF4B-00C04F79EFBC}") = "turingMirror", "turingMirror\turingMirror.csproj", "{B84C689D-34EE-4189-B19E-377EE41A250B}"
EndProject
Global
	GlobalSection(SolutionConfigurationPlatforms) = preSolution
		Debug|Any CPU = Debug|Any CPU
		Release|Any CPU = Release|Any CPU
	EndGlobalSection
	GlobalSection(ProjectConfigurationPlatforms) = postSolution
		{B84C689D-34EE-4189-B19E-377EE41A250B}.Debug|Any CPU.ActiveCfg = Debug|Any CPU
		{B84C689D-34EE-4189-B19E-377EE41A250B}.Debug|Any CPU.Build.0 = Debug|Any CPU
		{B84C689D-34EE-4189-B19E-377EE41A250B}.Release|Any CPU.ActiveCfg = Release|Any CPU
		{B84C689D-34EE-4189-B19E-377EE41A250B}.Release|Any CPU.Build.0 = Release|Any CPU
	EndGlobalSection
	GlobalSection(SolutionProperties) = preSolution
		HideSolutionNode = FALSE
	EndGlobalSection
	GlobalSection(ExtensibilityGlobals) = postSolution
		SolutionGuid = {8602CCE5-1A1F-417D-9759-20CA0B2DEE9F}
	EndGlobalSection
EndGlobal
